# This file is automatically @generated by Cargo.
# It is not intended for manual editing.
version = 4

[[package]]
name = "calculator_cli"
version = "0.1.0"

[[package]]
name = "fizzbuzz_and_fib"
version = "0.1.0"

[[package]]
name = "oneTofour"
version = "0.1.0"

[[package]]
name = "todo_cli"
version = "0.1.0"
